
Microsoft Visual Studio Solution File, Format Version 12.00
# Visual Studio Version 17
VisualStudioVersion = 17.6.33829.357
MinimumVisualStudioVersion = 10.0.40219.1
Project("{9A19103F-16F7-4668-BE54-9A1E7A4F7556}") = "HayvanBarinagi", "HayvanBarinagi\HayvanBarinagi.csproj", "{205BF74C-891E-445D-A12E-D738098B1D71}"
EndProject
Global
	GlobalSection(SolutionConfigurationPlatforms) = preSolution
		Debug|Any CPU = Debug|Any CPU
		Release|Any CPU = Release|Any CPU
	EndGlobalSection
	GlobalSection(ProjectConfigurationPlatforms) = postSolution
		{205BF74C-891E-445D-A12E-D738098B1D71}.Debug|Any CPU.ActiveCfg = Debug|Any CPU
		{205BF74C-891E-445D-A12E-D738098B1D71}.Debug|Any CPU.Build.0 = Debug|Any CPU
		{205BF74C-891E-445D-A12E-D738098B1D71}.Release|Any CPU.ActiveCfg = Release|Any CPU
		{205BF74C-891E-445D-A12E-D738098B1D71}.Release|Any CPU.Build.0 = Release|Any CPU
	EndGlobalSection
	GlobalSection(SolutionProperties) = preSolution
		HideSolutionNode = FALSE
	EndGlobalSection
	GlobalSection(ExtensibilityGlobals) = postSolution
		SolutionGuid = {5A89DCB3-EB82-4010-B12C-A6CBE54DD49D}
	EndGlobalSection
EndGlobal
